
Microsoft Visual Studio Solution File, Format Version 12.00
# Visual Studio Version 16
VisualStudioVersion = 16.0.31624.102
MinimumVisualStudioVersion = 10.0.40219.1
Project("{FAE04EC0-301F-11D3-BF4B-00C04F79EFBC}") = "projet1SoapWcf", "projet1SoapWcf\projet1SoapWcf.csproj", "{1CB89B79-06B2-4168-971D-D4FC38FC736E}"
EndProject
Project("{FAE04EC0-301F-11D3-BF4B-00C04F79EFBC}") = "Projet2Bis", "Projet2Bis\Projet2Bis.csproj", "{5B2E6A09-4FC3-442E-AD48-9DB5D4A35553}"
EndProject
Global
	GlobalSection(SolutionConfigurationPlatforms) = preSolution
		Debug|Any CPU = Debug|Any CPU
		Release|Any CPU = Release|Any CPU
	EndGlobalSection
	GlobalSection(ProjectConfigurationPlatforms) = postSolution
		{1CB89B79-06B2-4168-971D-D4FC38FC736E}.Debug|Any CPU.ActiveCfg = Debug|Any CPU
		{1CB89B79-06B2-4168-971D-D4FC38FC736E}.Debug|Any CPU.Build.0 = Debug|Any CPU
		{1CB89B79-06B2-4168-971D-D4FC38FC736E}.Release|Any CPU.ActiveCfg = Release|Any CPU
		{1CB89B79-06B2-4168-971D-D4FC38FC736E}.Release|Any CPU.Build.0 = Release|Any CPU
		{5B2E6A09-4FC3-442E-AD48-9DB5D4A35553}.Debug|Any CPU.ActiveCfg = Debug|Any CPU
		{5B2E6A09-4FC3-442E-AD48-9DB5D4A35553}.Debug|Any CPU.Build.0 = Debug|Any CPU
		{5B2E6A09-4FC3-442E-AD48-9DB5D4A35553}.Release|Any CPU.ActiveCfg = Release|Any CPU
		{5B2E6A09-4FC3-442E-AD48-9DB5D4A35553}.Release|Any CPU.Build.0 = Release|Any CPU
	EndGlobalSection
	GlobalSection(SolutionProperties) = preSolution
		HideSolutionNode = FALSE
	EndGlobalSection
	GlobalSection(ExtensibilityGlobals) = postSolution
		SolutionGuid = {17DE0945-2516-46E7-AF23-825380F489F0}
	EndGlobalSection
EndGlobal
